
Microsoft Visual Studio Solution File, Format Version 12.00
# Visual Studio Version 17
VisualStudioVersion = 17.0.31903.59
MinimumVisualStudioVersion = 10.0.40219.1
Project("{FAE04EC0-301F-11D3-BF4B-00C04F79EFBC}") = "LenovoLegionToolkit.Plugins.SDK", "SDK\LenovoLegionToolkit.Plugins.SDK.csproj", "{A1B2C3D4-E5F6-7890-ABCD-EF1234567890}"
EndProject
Project("{FAE04EC0-301F-11D3-BF4B-00C04F79EFBC}") = "LenovoLegionToolkit.Plugins.CustomMouse", "Plugins\CustomMouse\LenovoLegionToolkit.Plugins.CustomMouse.csproj", "{B2C3D4E5-F6A7-8901-BCDE-F23456789012}"
EndProject
Project("{FAE04EC0-301F-11D3-BF4B-00C04F79EFBC}") = "LenovoLegionToolkit.Plugins.ShellIntegration", "Plugins\ShellIntegration\LenovoLegionToolkit.Plugins.ShellIntegration.csproj", "{C3D4E5F6-A7B8-9012-CDEF-345678901234}"
EndProject
Project("{2150E333-8FDC-42A3-9474-1A3956D46DE8}") = "Plugins", "Plugins", "{07D57EEB-2F50-60C4-C011-FE4FA775C9A8}"
EndProject
Project("{2150E333-8FDC-42A3-9474-1A3956D46DE8}") = "NetworkAcceleration", "NetworkAcceleration", "{AE4E52FF-46B2-4D50-A640-058C1EF037CF}"
EndProject
Project("{FAE04EC0-301F-11D3-BF4B-00C04F79EFBC}") = "LenovoLegionToolkit.Plugins.NetworkAcceleration", "Plugins\NetworkAcceleration\LenovoLegionToolkit.Plugins.NetworkAcceleration.csproj", "{8C292F6F-6A80-419A-9F4A-FA49AA3D27E6}"
EndProject
Project("{2150E333-8FDC-42A3-9474-1A3956D46DE8}") = "ViveTool", "ViveTool", "{8CB383A2-3AB2-833C-903D-022C462A3C73}"
EndProject
Project("{FAE04EC0-301F-11D3-BF4B-00C04F79EFBC}") = "LenovoLegionToolkit.Plugins.ViveTool", "Plugins\ViveTool\LenovoLegionToolkit.Plugins.ViveTool.csproj", "{E8633D5D-D85B-4067-A663-8184037E2F56}"
EndProject
Project("{FAE04EC0-301F-11D3-BF4B-00C04F79EFBC}") = "CustomMouse.Tests", "Plugins\CustomMouse.Tests\CustomMouse.Tests.csproj", "{5AAF241C-969D-4B7F-AF10-0300E480F51C}"
EndProject
Project("{2150E333-8FDC-42A3-9474-1A3956D46DE8}") = "Tools", "Tools", "{07C2787E-EAC7-C090-1BA3-A61EC2A24D84}"
EndProject
Project("{FAE04EC0-301F-11D3-BF4B-00C04F79EFBC}") = "PluginCompletionUiTool", "Tools\PluginCompletionUiTool\PluginCompletionUiTool.csproj", "{84821BCD-B928-4F26-AD38-D89C0D684B43}"
EndProject
Project("{FAE04EC0-301F-11D3-BF4B-00C04F79EFBC}") = "PluginCompletionUiTool.Smoke", "Tools\PluginCompletionUiTool.Smoke\PluginCompletionUiTool.Smoke.csproj", "{B4C24300-19D4-4C9A-9ABE-EB0DD867765C}"
EndProject
Project("{FAE04EC0-301F-11D3-BF4B-00C04F79EFBC}") = "NetworkAcceleration.Tests", "Plugins\NetworkAcceleration.Tests\NetworkAcceleration.Tests.csproj", "{C8D01BA4-90CB-49CC-A407-B49EC8296E48}"
EndProject
Project("{2150E333-8FDC-42A3-9474-1A3956D46DE8}") = "SDK", "SDK", "{FF13A09E-0E72-1904-124B-A4E979EF28D3}"
EndProject
Project("{FAE04EC0-301F-11D3-BF4B-00C04F79EFBC}") = "ShellIntegration.Tests", "Plugins\ShellIntegration.Tests\ShellIntegration.Tests.csproj", "{CC934950-6B8C-4610-AD45-49C098179EDF}"
EndProject
Project("{2150E333-8FDC-42A3-9474-1A3956D46DE8}") = "ShellIntegration", "ShellIntegration", "{59CD4DB3-FD56-6F1C-28E0-4F610A918133}"
EndProject
Project("{FAE04EC0-301F-11D3-BF4B-00C04F79EFBC}") = "ViveTool.Tests", "Plugins\ViveTool.Tests\ViveTool.Tests.csproj", "{B516082B-CCF1-4D9F-9F9D-9D97DBD9187D}"
EndProject
Global
	GlobalSection(SolutionConfigurationPlatforms) = preSolution
		Debug|Any CPU = Debug|Any CPU
		Debug|x64 = Debug|x64
		Debug|x86 = Debug|x86
		Release|Any CPU = Release|Any CPU
		Release|x64 = Release|x64
		Release|x86 = Release|x86
	EndGlobalSection
	GlobalSection(ProjectConfigurationPlatforms) = postSolution
		{A1B2C3D4-E5F6-7890-ABCD-EF1234567890}.Debug|Any CPU.ActiveCfg = Debug|Any CPU
		{A1B2C3D4-E5F6-7890-ABCD-EF1234567890}.Debug|Any CPU.Build.0 = Debug|Any CPU
		{A1B2C3D4-E5F6-7890-ABCD-EF1234567890}.Debug|x64.ActiveCfg = Debug|Any CPU
		{A1B2C3D4-E5F6-7890-ABCD-EF1234567890}.Debug|x64.Build.0 = Debug|Any CPU
		{A1B2C3D4-E5F6-7890-ABCD-EF1234567890}.Debug|x86.ActiveCfg = Debug|Any CPU
		{A1B2C3D4-E5F6-7890-ABCD-EF1234567890}.Debug|x86.Build.0 = Debug|Any CPU
		{A1B2C3D4-E5F6-7890-ABCD-EF1234567890}.Release|Any CPU.ActiveCfg = Release|Any CPU
		{A1B2C3D4-E5F6-7890-ABCD-EF1234567890}.Release|Any CPU.Build.0 = Release|Any CPU
		{A1B2C3D4-E5F6-7890-ABCD-EF1234567890}.Release|x64.ActiveCfg = Release|Any CPU
		{A1B2C3D4-E5F6-7890-ABCD-EF1234567890}.Release|x64.Build.0 = Release|Any CPU
		{A1B2C3D4-E5F6-7890-ABCD-EF1234567890}.Release|x86.ActiveCfg = Release|Any CPU
		{A1B2C3D4-E5F6-7890-ABCD-EF1234567890}.Release|x86.Build.0 = Release|Any CPU
		{B2C3D4E5-F6A7-8901-BCDE-F23456789012}.Debug|Any CPU.ActiveCfg = Debug|Any CPU
		{B2C3D4E5-F6A7-8901-BCDE-F23456789012}.Debug|Any CPU.Build.0 = Debug|Any CPU
		{B2C3D4E5-F6A7-8901-BCDE-F23456789012}.Debug|x64.ActiveCfg = Debug|Any CPU
		{B2C3D4E5-F6A7-8901-BCDE-F23456789012}.Debug|x64.Build.0 = Debug|Any CPU
		{B2C3D4E5-F6A7-8901-BCDE-F23456789012}.Debug|x86.ActiveCfg = Debug|Any CPU
		{B2C3D4E5-F6A7-8901-BCDE-F23456789012}.Debug|x86.Build.0 = Debug|Any CPU
		{B2C3D4E5-F6A7-8901-BCDE-F23456789012}.Release|Any CPU.ActiveCfg = Release|Any CPU
		{B2C3D4E5-F6A7-8901-BCDE-F23456789012}.Release|Any CPU.Build.0 = Release|Any CPU
		{B2C3D4E5-F6A7-8901-BCDE-F23456789012}.Release|x64.ActiveCfg = Release|Any CPU
		{B2C3D4E5-F6A7-8901-BCDE-F23456789012}.Release|x64.Build.0 = Release|Any CPU
		{B2C3D4E5-F6A7-8901-BCDE-F23456789012}.Release|x86.ActiveCfg = Release|Any CPU
		{B2C3D4E5-F6A7-8901-BCDE-F23456789012}.Release|x86.Build.0 = Release|Any CPU
		{C3D4E5F6-A7B8-9012-CDEF-345678901234}.Debug|Any CPU.ActiveCfg = Debug|Any CPU
		{C3D4E5F6-A7B8-9012-CDEF-345678901234}.Debug|Any CPU.Build.0 = Debug|Any CPU
		{C3D4E5F6-A7B8-9012-CDEF-345678901234}.Debug|x64.ActiveCfg = Debug|Any CPU
		{C3D4E5F6-A7B8-9012-CDEF-345678901234}.Debug|x64.Build.0 = Debug|Any CPU
		{C3D4E5F6-A7B8-9012-CDEF-345678901234}.Debug|x86.ActiveCfg = Debug|Any CPU
		{C3D4E5F6-A7B8-9012-CDEF-345678901234}.Debug|x86.Build.0 = Debug|Any CPU
		{C3D4E5F6-A7B8-9012-CDEF-345678901234}.Release|Any CPU.ActiveCfg = Release|Any CPU
		{C3D4E5F6-A7B8-9012-CDEF-345678901234}.Release|Any CPU.Build.0 = Release|Any CPU
		{C3D4E5F6-A7B8-9012-CDEF-345678901234}.Release|x64.ActiveCfg = Release|Any CPU
		{C3D4E5F6-A7B8-9012-CDEF-345678901234}.Release|x64.Build.0 = Release|Any CPU
		{C3D4E5F6-A7B8-9012-CDEF-345678901234}.Release|x86.ActiveCfg = Release|Any CPU
		{C3D4E5F6-A7B8-9012-CDEF-345678901234}.Release|x86.Build.0 = Release|Any CPU
		{8C292F6F-6A80-419A-9F4A-FA49AA3D27E6}.Debug|Any CPU.ActiveCfg = Debug|x64
		{8C292F6F-6A80-419A-9F4A-FA49AA3D27E6}.Debug|Any CPU.Build.0 = Debug|x64
		{8C292F6F-6A80-419A-9F4A-FA49AA3D27E6}.Debug|x64.ActiveCfg = Debug|x64
		{8C292F6F-6A80-419A-9F4A-FA49AA3D27E6}.Debug|x64.Build.0 = Debug|x64
		{8C292F6F-6A80-419A-9F4A-FA49AA3D27E6}.Debug|x86.ActiveCfg = Debug|x64
		{8C292F6F-6A80-419A-9F4A-FA49AA3D27E6}.Debug|x86.Build.0 = Debug|x64
		{8C292F6F-6A80-419A-9F4A-FA49AA3D27E6}.Release|Any CPU.ActiveCfg = Release|x64
		{8C292F6F-6A80-419A-9F4A-FA49AA3D27E6}.Release|Any CPU.Build.0 = Release|x64
		{8C292F6F-6A80-419A-9F4A-FA49AA3D27E6}.Release|x64.ActiveCfg = Release|x64
		{8C292F6F-6A80-419A-9F4A-FA49AA3D27E6}.Release|x64.Build.0 = Release|x64
		{8C292F6F-6A80-419A-9F4A-FA49AA3D27E6}.Release|x86.ActiveCfg = Release|x64
		{8C292F6F-6A80-419A-9F4A-FA49AA3D27E6}.Release|x86.Build.0 = Release|x64
		{E8633D5D-D85B-4067-A663-8184037E2F56}.Debug|Any CPU.ActiveCfg = Debug|x64
		{E8633D5D-D85B-4067-A663-8184037E2F56}.Debug|Any CPU.Build.0 = Debug|x64
		{E8633D5D-D85B-4067-A663-8184037E2F56}.Debug|x64.ActiveCfg = Debug|x64
		{E8633D5D-D85B-4067-A663-8184037E2F56}.Debug|x64.Build.0 = Debug|x64
		{E8633D5D-D85B-4067-A663-8184037E2F56}.Debug|x86.ActiveCfg = Debug|x64
		{E8633D5D-D85B-4067-A663-8184037E2F56}.Debug|x86.Build.0 = Debug|x64
		{E8633D5D-D85B-4067-A663-8184037E2F56}.Release|Any CPU.ActiveCfg = Release|x64
		{E8633D5D-D85B-4067-A663-8184037E2F56}.Release|Any CPU.Build.0 = Release|x64
		{E8633D5D-D85B-4067-A663-8184037E2F56}.Release|x64.ActiveCfg = Release|x64
		{E8633D5D-D85B-4067-A663-8184037E2F56}.Release|x64.Build.0 = Release|x64
		{E8633D5D-D85B-4067-A663-8184037E2F56}.Release|x86.ActiveCfg = Release|x64
		{E8633D5D-D85B-4067-A663-8184037E2F56}.Release|x86.Build.0 = Release|x64
		{5AAF241C-969D-4B7F-AF10-0300E480F51C}.Debug|Any CPU.ActiveCfg = Debug|Any CPU
		{5AAF241C-969D-4B7F-AF10-0300E480F51C}.Debug|Any CPU.Build.0 = Debug|Any CPU
		{5AAF241C-969D-4B7F-AF10-0300E480F51C}.Debug|x64.ActiveCfg = Debug|Any CPU
		{5AAF241C-969D-4B7F-AF10-0300E480F51C}.Debug|x64.Build.0 = Debug|Any CPU
		{5AAF241C-969D-4B7F-AF10-0300E480F51C}.Debug|x86.ActiveCfg = Debug|Any CPU
		{5AAF241C-969D-4B7F-AF10-0300E480F51C}.Debug|x86.Build.0 = Debug|Any CPU
		{5AAF241C-969D-4B7F-AF10-0300E480F51C}.Release|Any CPU.ActiveCfg = Release|Any CPU
		{5AAF241C-969D-4B7F-AF10-0300E480F51C}.Release|Any CPU.Build.0 = Release|Any CPU
		{5AAF241C-969D-4B7F-AF10-0300E480F51C}.Release|x64.ActiveCfg = Release|Any CPU
		{5AAF241C-969D-4B7F-AF10-0300E480F51C}.Release|x64.Build.0 = Release|Any CPU
		{5AAF241C-969D-4B7F-AF10-0300E480F51C}.Release|x86.ActiveCfg = Release|Any CPU
		{5AAF241C-969D-4B7F-AF10-0300E480F51C}.Release|x86.Build.0 = Release|Any CPU
		{84821BCD-B928-4F26-AD38-D89C0D684B43}.Debug|Any CPU.ActiveCfg = Debug|Any CPU
		{84821BCD-B928-4F26-AD38-D89C0D684B43}.Debug|Any CPU.Build.0 = Debug|Any CPU
		{84821BCD-B928-4F26-AD38-D89C0D684B43}.Debug|x64.ActiveCfg = Debug|Any CPU
		{84821BCD-B928-4F26-AD38-D89C0D684B43}.Debug|x64.Build.0 = Debug|Any CPU
		{84821BCD-B928-4F26-AD38-D89C0D684B43}.Debug|x86.ActiveCfg = Debug|Any CPU
		{84821BCD-B928-4F26-AD38-D89C0D684B43}.Debug|x86.Build.0 = Debug|Any CPU
		{84821BCD-B928-4F26-AD38-D89C0D684B43}.Release|Any CPU.ActiveCfg = Release|Any CPU
		{84821BCD-B928-4F26-AD38-D89C0D684B43}.Release|Any CPU.Build.0 = Release|Any CPU
		{84821BCD-B928-4F26-AD38-D89C0D684B43}.Release|x64.ActiveCfg = Release|Any CPU
		{84821BCD-B928-4F26-AD38-D89C0D684B43}.Release|x64.Build.0 = Release|Any CPU
		{84821BCD-B928-4F26-AD38-D89C0D684B43}.Release|x86.ActiveCfg = Release|Any CPU
		{84821BCD-B928-4F26-AD38-D89C0D684B43}.Release|x86.Build.0 = Release|Any CPU
		{B4C24300-19D4-4C9A-9ABE-EB0DD867765C}.Debug|Any CPU.ActiveCfg = Debug|Any CPU
		{B4C24300-19D4-4C9A-9ABE-EB0DD867765C}.Debug|Any CPU.Build.0 = Debug|Any CPU
		{B4C24300-19D4-4C9A-9ABE-EB0DD867765C}.Debug|x64.ActiveCfg = Debug|Any CPU
		{B4C24300-19D4-4C9A-9ABE-EB0DD867765C}.Debug|x64.Build.0 = Debug|Any CPU
		{B4C24300-19D4-4C9A-9ABE-EB0DD867765C}.Debug|x86.ActiveCfg = Debug|Any CPU
		{B4C24300-19D4-4C9A-9ABE-EB0DD867765C}.Debug|x86.Build.0 = Debug|Any CPU
		{B4C24300-19D4-4C9A-9ABE-EB0DD867765C}.Release|Any CPU.ActiveCfg = Release|Any CPU
		{B4C24300-19D4-4C9A-9ABE-EB0DD867765C}.Release|Any CPU.Build.0 = Release|Any CPU
		{B4C24300-19D4-4C9A-9ABE-EB0DD867765C}.Release|x64.ActiveCfg = Release|Any CPU
		{B4C24300-19D4-4C9A-9ABE-EB0DD867765C}.Release|x64.Build.0 = Release|Any CPU
		{B4C24300-19D4-4C9A-9ABE-EB0DD867765C}.Release|x86.ActiveCfg = Release|Any CPU
		{B4C24300-19D4-4C9A-9ABE-EB0DD867765C}.Release|x86.Build.0 = Release|Any CPU
		{C8D01BA4-90CB-49CC-A407-B49EC8296E48}.Debug|Any CPU.ActiveCfg = Debug|Any CPU
		{C8D01BA4-90CB-49CC-A407-B49EC8296E48}.Debug|Any CPU.Build.0 = Debug|Any CPU
		{C8D01BA4-90CB-49CC-A407-B49EC8296E48}.Debug|x64.ActiveCfg = Debug|Any CPU
		{C8D01BA4-90CB-49CC-A407-B49EC8296E48}.Debug|x64.Build.0 = Debug|Any CPU
		{C8D01BA4-90CB-49CC-A407-B49EC8296E48}.Debug|x86.ActiveCfg = Debug|Any CPU
		{C8D01BA4-90CB-49CC-A407-B49EC8296E48}.Debug|x86.Build.0 = Debug|Any CPU
		{C8D01BA4-90CB-49CC-A407-B49EC8296E48}.Release|Any CPU.ActiveCfg = Release|Any CPU
		{C8D01BA4-90CB-49CC-A407-B49EC8296E48}.Release|Any CPU.Build.0 = Release|Any CPU
		{C8D01BA4-90CB-49CC-A407-B49EC8296E48}.Release|x64.ActiveCfg = Release|Any CPU
		{C8D01BA4-90CB-49CC-A407-B49EC8296E48}.Release|x64.Build.0 = Release|Any CPU
		{C8D01BA4-90CB-49CC-A407-B49EC8296E48}.Release|x86.ActiveCfg = Release|Any CPU
		{C8D01BA4-90CB-49CC-A407-B49EC8296E48}.Release|x86.Build.0 = Release|Any CPU
		{CC934950-6B8C-4610-AD45-49C098179EDF}.Debug|Any CPU.ActiveCfg = Debug|Any CPU
		{CC934950-6B8C-4610-AD45-49C098179EDF}.Debug|Any CPU.Build.0 = Debug|Any CPU
		{CC934950-6B8C-4610-AD45-49C098179EDF}.Debug|x64.ActiveCfg = Debug|Any CPU
		{CC934950-6B8C-4610-AD45-49C098179EDF}.Debug|x64.Build.0 = Debug|Any CPU
		{CC934950-6B8C-4610-AD45-49C098179EDF}.Debug|x86.ActiveCfg = Debug|Any CPU
		{CC934950-6B8C-4610-AD45-49C098179EDF}.Debug|x86.Build.0 = Debug|Any CPU
		{CC934950-6B8C-4610-AD45-49C098179EDF}.Release|Any CPU.ActiveCfg = Release|Any CPU
		{CC934950-6B8C-4610-AD45-49C098179EDF}.Release|Any CPU.Build.0 = Release|Any CPU
		{CC934950-6B8C-4610-AD45-49C098179EDF}.Release|x64.ActiveCfg = Release|Any CPU
		{CC934950-6B8C-4610-AD45-49C098179EDF}.Release|x64.Build.0 = Release|Any CPU
		{CC934950-6B8C-4610-AD45-49C098179EDF}.Release|x86.ActiveCfg = Release|Any CPU
		{CC934950-6B8C-4610-AD45-49C098179EDF}.Release|x86.Build.0 = Release|Any CPU
		{B516082B-CCF1-4D9F-9F9D-9D97DBD9187D}.Debug|Any CPU.ActiveCfg = Debug|Any CPU
		{B516082B-CCF1-4D9F-9F9D-9D97DBD9187D}.Debug|Any CPU.Build.0 = Debug|Any CPU
		{B516082B-CCF1-4D9F-9F9D-9D97DBD9187D}.Debug|x64.ActiveCfg = Debug|Any CPU
		{B516082B-CCF1-4D9F-9F9D-9D97DBD9187D}.Debug|x64.Build.0 = Debug|Any CPU
		{B516082B-CCF1-4D9F-9F9D-9D97DBD9187D}.Debug|x86.ActiveCfg = Debug|Any CPU
		{B516082B-CCF1-4D9F-9F9D-9D97DBD9187D}.Debug|x86.Build.0 = Debug|Any CPU
		{B516082B-CCF1-4D9F-9F9D-9D97DBD9187D}.Release|Any CPU.ActiveCfg = Release|Any CPU
		{B516082B-CCF1-4D9F-9F9D-9D97DBD9187D}.Release|Any CPU.Build.0 = Release|Any CPU
		{B516082B-CCF1-4D9F-9F9D-9D97DBD9187D}.Release|x64.ActiveCfg = Release|Any CPU
		{B516082B-CCF1-4D9F-9F9D-9D97DBD9187D}.Release|x64.Build.0 = Release|Any CPU
		{B516082B-CCF1-4D9F-9F9D-9D97DBD9187D}.Release|x86.ActiveCfg = Release|Any CPU
		{B516082B-CCF1-4D9F-9F9D-9D97DBD9187D}.Release|x86.Build.0 = Release|Any CPU
	EndGlobalSection
	GlobalSection(SolutionProperties) = preSolution
		HideSolutionNode = FALSE
	EndGlobalSection
	GlobalSection(NestedProjects) = preSolution
		{AE4E52FF-46B2-4D50-A640-058C1EF037CF} = {07D57EEB-2F50-60C4-C011-FE4FA775C9A8}
		{8C292F6F-6A80-419A-9F4A-FA49AA3D27E6} = {AE4E52FF-46B2-4D50-A640-058C1EF037CF}
		{8CB383A2-3AB2-833C-903D-022C462A3C73} = {07D57EEB-2F50-60C4-C011-FE4FA775C9A8}
		{E8633D5D-D85B-4067-A663-8184037E2F56} = {8CB383A2-3AB2-833C-903D-022C462A3C73}
		{5AAF241C-969D-4B7F-AF10-0300E480F51C} = {07D57EEB-2F50-60C4-C011-FE4FA775C9A8}
		{84821BCD-B928-4F26-AD38-D89C0D684B43} = {07C2787E-EAC7-C090-1BA3-A61EC2A24D84}
		{B4C24300-19D4-4C9A-9ABE-EB0DD867765C} = {07C2787E-EAC7-C090-1BA3-A61EC2A24D84}
		{C8D01BA4-90CB-49CC-A407-B49EC8296E48} = {07D57EEB-2F50-60C4-C011-FE4FA775C9A8}
		{CC934950-6B8C-4610-AD45-49C098179EDF} = {07D57EEB-2F50-60C4-C011-FE4FA775C9A8}
		{59CD4DB3-FD56-6F1C-28E0-4F610A918133} = {07D57EEB-2F50-60C4-C011-FE4FA775C9A8}
		{B516082B-CCF1-4D9F-9F9D-9D97DBD9187D} = {07D57EEB-2F50-60C4-C011-FE4FA775C9A8}
	EndGlobalSection
EndGlobal
